# THIS IS AN AUTOGENERATED FILE. DO NOT EDIT THIS FILE DIRECTLY.
# yarn lockfile v1


"@types/lodash@^4.14.168":
  "integrity" "sha512-oVfRvqHV/V6D1yifJbVRU3TMp8OT6o6BG+U9MkwuJ3U8/CsDHvalRpsxBqivn71ztOFZBTfJMvETbqHiaNSj7Q=="
  "resolved" "https://registry.npmjs.org/@types/lodash/-/lodash-4.14.168.tgz"
  "version" "4.14.168"

"@types/node@^14.14.37":
  "integrity" "sha512-XYmBiy+ohOR4Lh5jE379fV2IU+6Jn4g5qASinhitfyO71b/sCo6MKsMLF5tc7Zf2CE8hViVQyYSobJNke8OvUw=="
  "resolved" "https://registry.npmjs.org/@types/node/-/node-14.14.37.tgz"
  "version" "14.14.37"

"combinations@^1.0.0":
  "integrity" "sha512-aVgTfI/dewHblSn4gF+NZHvS7wtwg9YAPF2EknHMdH+xLsXLLIMpmHkSj64Zxs/R2m9VAAgn3bENjssrn7V4vQ=="
  "resolved" "https://registry.npmjs.org/combinations/-/combinations-1.0.0.tgz"
  "version" "1.0.0"

"lodash@^4.17.21":
  "integrity" "sha512-v2kDEe57lecTulaDIuNTPy3Ry4gLGJ6Z1O3vE1krgXZNrsQ+LFTGHVxVjcXPs17LhbZVGedAJv8XZ1tvj5FvSg=="
  "resolved" "https://registry.npmjs.org/lodash/-/lodash-4.17.21.tgz"
  "version" "4.17.21"

"percom@^1.1.2":
  "integrity" "sha512-rI0lEtzHreXYozMotzywMC8usVJWLzSPXiINGMuICKvkuJua7Pi0WYFAv1NctS2emQXR+j6qviz9DuS0Ae9vgg=="
  "resolved" "https://registry.npmjs.org/percom/-/percom-1.1.2.tgz"
  "version" "1.1.2"

"sax@^1.2.4":
  "integrity" "sha512-NqVDv9TpANUjFm0N8uM5GxL36UgKi9/atZw+x7YFnQ8ckwFGKrl4xX4yWtrey3UJm5nP1kUbnYgLopqWNSRhWw=="
  "resolved" "https://registry.npmjs.org/sax/-/sax-1.2.4.tgz"
  "version" "1.2.4"

"typescript@^4.2.4":
  "integrity" "sha512-V+evlYHZnQkaz8TRBuxTA92yZBPotr5H+WhQ7bD3hZUndx5tGOa1fuCgeSjxAzM1RiN5IzvadIXTVefuuwZCRg=="
  "resolved" "https://registry.npmjs.org/typescript/-/typescript-4.2.4.tgz"
  "version" "4.2.4"

"xml-js@^1.6.11":
  "integrity" "sha512-7rVi2KMfwfWFl+GpPg6m80IVMWXLRjO+PxTq7V2CDhoGak0wzYzFgUY2m4XJ47OGdXd8eLE8EmwfAmdjw7lC1g=="
  "resolved" "https://registry.npmjs.org/xml-js/-/xml-js-1.6.11.tgz"
  "version" "1.6.11"
  dependencies:
    "sax" "^1.2.4"
