# THIS IS AN AUTOGENERATED FILE. DO NOT EDIT THIS FILE DIRECTLY.
# yarn lockfile v1


"@types/lodash@^4.14.168":
  "integrity" "sha512-oVfRvqHV/V6D1yifJbVRU3TMp8OT6o6BG+U9MkwuJ3U8/CsDHvalRpsxBqivn71ztOFZBTfJMvETbqHiaNSj7Q=="
  "resolved" "https://registry.npmjs.org/@types/lodash/-/lodash-4.14.168.tgz"
  "version" "4.14.168"

"@types/node@^14.14.37":
  "integrity" "sha512-XYmBiy+ohOR4Lh5jE379fV2IU+6Jn4g5qASinhitfyO71b/sCo6MKsMLF5tc7Zf2CE8hViVQyYSobJNke8OvUw=="
  "resolved" "https://registry.npmjs.org/@types/node/-/node-14.14.37.tgz"
  "version" "14.14.37"

"abbrev@1":
  "integrity" "sha512-nne9/IiQ/hzIhY6pdDnbBtz7DjPTKrY00P/zvPSm5pOFkl6xuGrGnXn/VtTNNfNtAfZ9/1RtehkszU9qcTii0Q=="
  "resolved" "https://registry.npmjs.org/abbrev/-/abbrev-1.1.1.tgz"
  "version" "1.1.1"

"balanced-match@^1.0.0":
  "integrity" "sha512-3oSeUO0TMV67hN1AmbXsK4yaqU7tjiHlbxRDZOpH0KW9+CeX4bRAaX0Anxt0tx2MrpRpWwQaPwIlISEJhYU5Pw=="
  "resolved" "https://registry.npmjs.org/balanced-match/-/balanced-match-1.0.2.tgz"
  "version" "1.0.2"

"brace-expansion@^1.1.7":
  "integrity" "sha512-iCuPHDFgrHX7H2vEI/5xpz07zSHB00TpugqhmYtVmMO6518mCuRMoOYFldEBl0g187ufozdaHgWKcYFb61qGiA=="
  "resolved" "https://registry.npmjs.org/brace-expansion/-/brace-expansion-1.1.11.tgz"
  "version" "1.1.11"
  dependencies:
    "balanced-match" "^1.0.0"
    "concat-map" "0.0.1"

"commander@^2.19.0":
  "integrity" "sha512-GpVkmM8vF2vQUkj2LvZmD35JxeJOLCwJ9cUkugyk2nuhbv3+mJvpLYYt+0+USMxE+oj+ey/lJEnhZw75x/OMcQ=="
  "resolved" "https://registry.npmjs.org/commander/-/commander-2.20.3.tgz"
  "version" "2.20.3"

"complexion-js@^0.2.2":
  "integrity" "sha512-qxqJq0nEBwSEZtoqK8bHIR2VwzbPatjtlU+ZH9IPObitTQqa2xMEryoAlCsjOH+ATgIScHt0aiCUBabPG2Mmcg=="
  "resolved" "https://registry.npmjs.org/complexion-js/-/complexion-js-0.2.2.tgz"
  "version" "0.2.2"

"complexion@^0.2.2":
  "integrity" "sha512-YAfDsYc27CsPQPzZU4i1OklMCyigN7VHPylWba0AWf5VmVr34NpLhHjJm0gumFh9m2aX8fYGCTTgne7oLfXXug=="
  "resolved" "https://registry.npmjs.org/complexion/-/complexion-0.2.2.tgz"
  "version" "0.2.2"

"concat-map@0.0.1":
  "integrity" "sha1-2Klr13/Wjfd5OnMDajug1UBdR3s="
  "resolved" "https://registry.npmjs.org/concat-map/-/concat-map-0.0.1.tgz"
  "version" "0.0.1"

"condense-newlines@^0.2.1":
  "integrity" "sha1-PemFVTE5R10yUCyDsC9gaE0kxV8="
  "resolved" "https://registry.npmjs.org/condense-newlines/-/condense-newlines-0.2.1.tgz"
  "version" "0.2.1"
  dependencies:
    "extend-shallow" "^2.0.1"
    "is-whitespace" "^0.3.0"
    "kind-of" "^3.0.2"

"config-chain@^1.1.12":
  "integrity" "sha512-qj+f8APARXHrM0hraqXYb2/bOVSV4PvJQlNZ/DVj0QrmNM2q2euizkeuVckQ57J+W0mRH6Hvi+k50M4Jul2VRQ=="
  "resolved" "https://registry.npmjs.org/config-chain/-/config-chain-1.1.13.tgz"
  "version" "1.1.13"
  dependencies:
    "ini" "^1.3.4"
    "proto-list" "~1.2.1"

"editorconfig@^0.15.3":
  "integrity" "sha512-M9wIMFx96vq0R4F+gRpY3o2exzb8hEj/n9S8unZtHSvYjibBp/iMufSzvmOcV/laG0ZtuTVGtiJggPOSW2r93g=="
  "resolved" "https://registry.npmjs.org/editorconfig/-/editorconfig-0.15.3.tgz"
  "version" "0.15.3"
  dependencies:
    "commander" "^2.19.0"
    "lru-cache" "^4.1.5"
    "semver" "^5.6.0"
    "sigmund" "^1.0.1"

"extend-shallow@^2.0.1":
  "integrity" "sha1-Ua99YUrZqfYQ6huvu5idaxxWiQ8="
  "resolved" "https://registry.npmjs.org/extend-shallow/-/extend-shallow-2.0.1.tgz"
  "version" "2.0.1"
  dependencies:
    "is-extendable" "^0.1.0"

"fs.realpath@^1.0.0":
  "integrity" "sha1-FQStJSMVjKpA20onh8sBQRmU6k8="
  "resolved" "https://registry.npmjs.org/fs.realpath/-/fs.realpath-1.0.0.tgz"
  "version" "1.0.0"

"glob@^7.1.3":
  "integrity" "sha512-OvD9ENzPLbegENnYP5UUfJIirTg4+XwMWGaQfQTY0JenxNvvIKP3U3/tAQSPIu/lHxXYSZmpXlUHeqAIdKzBLQ=="
  "resolved" "https://registry.npmjs.org/glob/-/glob-7.1.7.tgz"
  "version" "7.1.7"
  dependencies:
    "fs.realpath" "^1.0.0"
    "inflight" "^1.0.4"
    "inherits" "2"
    "minimatch" "^3.0.4"
    "once" "^1.3.0"
    "path-is-absolute" "^1.0.0"

"inflight@^1.0.4":
  "integrity" "sha1-Sb1jMdfQLQwJvJEKEHW6gWW1bfk="
  "resolved" "https://registry.npmjs.org/inflight/-/inflight-1.0.6.tgz"
  "version" "1.0.6"
  dependencies:
    "once" "^1.3.0"
    "wrappy" "1"

"inherits@2":
  "integrity" "sha512-k/vGaX4/Yla3WzyMCvTQOXYeIHvqOKtnqBduzTHpzpQZzAskKMhZ2K+EnBiSM9zGSoIFeMpXKxa4dYeZIQqewQ=="
  "resolved" "https://registry.npmjs.org/inherits/-/inherits-2.0.4.tgz"
  "version" "2.0.4"

"ini@^1.3.4":
  "integrity" "sha512-JV/yugV2uzW5iMRSiZAyDtQd+nxtUnjeLt0acNdw98kKLrvuRVyB80tsREOE7yvGVgalhZ6RNXCmEHkUKBKxew=="
  "resolved" "https://registry.npmjs.org/ini/-/ini-1.3.8.tgz"
  "version" "1.3.8"

"is-buffer@^1.1.5":
  "integrity" "sha512-NcdALwpXkTm5Zvvbk7owOUSvVvBKDgKP5/ewfXEznmQFfs4ZRmanOeKBTjRVjka3QFoN6XJ+9F3USqfHqTaU5w=="
  "resolved" "https://registry.npmjs.org/is-buffer/-/is-buffer-1.1.6.tgz"
  "version" "1.1.6"

"is-extendable@^0.1.0":
  "integrity" "sha1-YrEQ4omkcUGOPsNqYX1HLjAd/Ik="
  "resolved" "https://registry.npmjs.org/is-extendable/-/is-extendable-0.1.1.tgz"
  "version" "0.1.1"

"is-whitespace@^0.3.0":
  "integrity" "sha1-Fjnssb4DauxppUy7QBz77XEUq38="
  "resolved" "https://registry.npmjs.org/is-whitespace/-/is-whitespace-0.3.0.tgz"
  "version" "0.3.0"

"js-beautify@^1.6.12":
  "integrity" "sha512-yuck9KirNSCAwyNJbqW+BxJqJ0NLJ4PwBUzQQACl5O3qHMBXVkXb/rD0ilh/Lat/tn88zSZ+CAHOlk0DsY7GuQ=="
  "resolved" "https://registry.npmjs.org/js-beautify/-/js-beautify-1.14.0.tgz"
  "version" "1.14.0"
  dependencies:
    "config-chain" "^1.1.12"
    "editorconfig" "^0.15.3"
    "glob" "^7.1.3"
    "nopt" "^5.0.0"

"kind-of@^3.0.2":
  "integrity" "sha1-MeohpzS6ubuw8yRm2JOupR5KPGQ="
  "resolved" "https://registry.npmjs.org/kind-of/-/kind-of-3.2.2.tgz"
  "version" "3.2.2"
  dependencies:
    "is-buffer" "^1.1.5"

"lodash@^4.17.21":
  "integrity" "sha512-v2kDEe57lecTulaDIuNTPy3Ry4gLGJ6Z1O3vE1krgXZNrsQ+LFTGHVxVjcXPs17LhbZVGedAJv8XZ1tvj5FvSg=="
  "resolved" "https://registry.npmjs.org/lodash/-/lodash-4.17.21.tgz"
  "version" "4.17.21"

"lru-cache@^4.1.5":
  "integrity" "sha512-sWZlbEP2OsHNkXrMl5GYk/jKk70MBng6UU4YI/qGDYbgf6YbP4EvmqISbXCoJiRKs+1bSpFHVgQxvJ17F2li5g=="
  "resolved" "https://registry.npmjs.org/lru-cache/-/lru-cache-4.1.5.tgz"
  "version" "4.1.5"
  dependencies:
    "pseudomap" "^1.0.2"
    "yallist" "^2.1.2"

"minimatch@^3.0.4":
  "integrity" "sha512-yJHVQEhyqPLUTgt9B83PXu6W3rx4MvvHvSUvToogpwoGDOUQ+yDrR0HRot+yOCdCO7u4hX3pWft6kWBBcqh0UA=="
  "resolved" "https://registry.npmjs.org/minimatch/-/minimatch-3.0.4.tgz"
  "version" "3.0.4"
  dependencies:
    "brace-expansion" "^1.1.7"

"nopt@^5.0.0":
  "integrity" "sha512-Tbj67rffqceeLpcRXrT7vKAN8CwfPeIBgM7E6iBkmKLV7bEMwpGgYLGv0jACUsECaa/vuxP0IjEont6umdMgtQ=="
  "resolved" "https://registry.npmjs.org/nopt/-/nopt-5.0.0.tgz"
  "version" "5.0.0"
  dependencies:
    "abbrev" "1"

"once@^1.3.0":
  "integrity" "sha1-WDsap3WWHUsROsF9nFC6753Xa9E="
  "resolved" "https://registry.npmjs.org/once/-/once-1.4.0.tgz"
  "version" "1.4.0"
  dependencies:
    "wrappy" "1"

"option-parser@^1.0.0":
  "integrity" "sha512-Q56FmRi6TZX+S9jAl9f0Tnrk7W8faAZULf6Y0IgJR6Cy7/MxhzvBFoyL1Sz2DD7WbOY2Fxtkz2S/3kzlbn/VsQ=="
  "resolved" "https://registry.npmjs.org/option-parser/-/option-parser-1.0.2.tgz"
  "version" "1.0.2"

"path-is-absolute@^1.0.0":
  "integrity" "sha1-F0uSaHNVNP+8es5r9TpanhtcX18="
  "resolved" "https://registry.npmjs.org/path-is-absolute/-/path-is-absolute-1.0.1.tgz"
  "version" "1.0.1"

"pretty-js@^0.2.2":
  "integrity" "sha512-SJIz4tGlSC4LBqSAb82yf1911C4HGILMiDoNn4aoYuHetdFbefdIyMHZ9c1mDsiv0CNSn9ac/kNM1xXdujZ/AA=="
  "resolved" "https://registry.npmjs.org/pretty-js/-/pretty-js-0.2.2.tgz"
  "version" "0.2.2"
  dependencies:
    "complexion" "^0.2.2"
    "complexion-js" "^0.2.2"
    "option-parser" "^1.0.0"
    "process-files" "^1.0.0"

"pretty@^2.0.0":
  "integrity" "sha1-rbx5YLe7/iiaVX3F9zdhmiINBqU="
  "resolved" "https://registry.npmjs.org/pretty/-/pretty-2.0.0.tgz"
  "version" "2.0.0"
  dependencies:
    "condense-newlines" "^0.2.1"
    "extend-shallow" "^2.0.1"
    "js-beautify" "^1.6.12"

"process-files@^1.0.0":
  "integrity" "sha1-LRq4SHZ1IhhBqiv98iCFYU1YjyM="
  "resolved" "https://registry.npmjs.org/process-files/-/process-files-1.0.0.tgz"
  "version" "1.0.0"

"proto-list@~1.2.1":
  "integrity" "sha1-IS1b/hMYMGpCD2QCuOJv85ZHqEk="
  "resolved" "https://registry.npmjs.org/proto-list/-/proto-list-1.2.4.tgz"
  "version" "1.2.4"

"pseudomap@^1.0.2":
  "integrity" "sha1-8FKijacOYYkX7wqKw0wa5aaChrM="
  "resolved" "https://registry.npmjs.org/pseudomap/-/pseudomap-1.0.2.tgz"
  "version" "1.0.2"

"sax@^1.2.4":
  "integrity" "sha512-NqVDv9TpANUjFm0N8uM5GxL36UgKi9/atZw+x7YFnQ8ckwFGKrl4xX4yWtrey3UJm5nP1kUbnYgLopqWNSRhWw=="
  "resolved" "https://registry.npmjs.org/sax/-/sax-1.2.4.tgz"
  "version" "1.2.4"

"semver@^5.6.0":
  "integrity" "sha512-sauaDf/PZdVgrLTNYHRtpXa1iRiKcaebiKQ1BJdpQlWH2lCvexQdX55snPFyK7QzpudqbCI0qXFfOasHdyNDGQ=="
  "resolved" "https://registry.npmjs.org/semver/-/semver-5.7.1.tgz"
  "version" "5.7.1"

"sigmund@^1.0.1":
  "integrity" "sha1-P/IfGYytIXX587eBhT/ZTQ0ZtZA="
  "resolved" "https://registry.npmjs.org/sigmund/-/sigmund-1.0.1.tgz"
  "version" "1.0.1"

"typescript@^4.2.4":
  "integrity" "sha512-V+evlYHZnQkaz8TRBuxTA92yZBPotr5H+WhQ7bD3hZUndx5tGOa1fuCgeSjxAzM1RiN5IzvadIXTVefuuwZCRg=="
  "resolved" "https://registry.npmjs.org/typescript/-/typescript-4.2.4.tgz"
  "version" "4.2.4"

"wrappy@1":
  "integrity" "sha1-tSQ9jz7BqjXxNkYFvA0QNuMKtp8="
  "resolved" "https://registry.npmjs.org/wrappy/-/wrappy-1.0.2.tgz"
  "version" "1.0.2"

"xml-js@^1.6.11":
  "integrity" "sha512-7rVi2KMfwfWFl+GpPg6m80IVMWXLRjO+PxTq7V2CDhoGak0wzYzFgUY2m4XJ47OGdXd8eLE8EmwfAmdjw7lC1g=="
  "resolved" "https://registry.npmjs.org/xml-js/-/xml-js-1.6.11.tgz"
  "version" "1.6.11"
  dependencies:
    "sax" "^1.2.4"

"yallist@^2.1.2":
  "integrity" "sha1-HBH5IY8HYImkfdUS+TxmmaaoHVI="
  "resolved" "https://registry.npmjs.org/yallist/-/yallist-2.1.2.tgz"
  "version" "2.1.2"
